Microsoft Visual Studio Solution File, Format Version 11.00
# Visual Studio 2010
Project("{2150E333-8FDC-42A3-9474-1A3956D46DE8}") = "Solution Items", "Solution Items", "{C5189EB8-44CE-41F2-8B72-351584892934}"
EndProject
Project("{8BC9CEB8-8B4A-11D0-8D11-00A0C91BC942}") = "ieHTTPTrace", "ieHTTPTrace.vcxproj", "{E386BB94-FE17-4ACC-B0E8-6E2CC3368DA9}"
EndProject
Global
	GlobalSection(SolutionConfigurationPlatforms) = preSolution
		Debug|Win32 = Debug|Win32
		Release MinDependency|Win32 = Release MinDependency|Win32
	EndGlobalSection
	GlobalSection(ProjectConfigurationPlatforms) = postSolution
		{E386BB94-FE17-4ACC-B0E8-6E2CC3368DA9}.Debug|Win32.ActiveCfg = Debug|Win32
		{E386BB94-FE17-4ACC-B0E8-6E2CC3368DA9}.Debug|Win32.Build.0 = Debug|Win32
		{E386BB94-FE17-4ACC-B0E8-6E2CC3368DA9}.Release MinDependency|Win32.ActiveCfg = Release MinDependency|Win32
		{E386BB94-FE17-4ACC-B0E8-6E2CC3368DA9}.Release MinDependency|Win32.Build.0 = Release MinDependency|Win32
	EndGlobalSection
	GlobalSection(SolutionProperties) = preSolution
		HideSolutionNode = FALSE
	EndGlobalSection
EndGlobal
